
Microsoft Visual Studio Solution File, Format Version 12.00
# Visual Studio Version 16
VisualStudioVersion = 16.0.30204.135
MinimumVisualStudioVersion = 10.0.40219.1
Project("{FAE04EC0-301F-11D3-BF4B-00C04F79EFBC}") = "CourseMania", "CourseMania\CourseMania.csproj", "{5ECB72D9-89BD-4D55-A445-688E35AEEB5D}"
EndProject
Global
	GlobalSection(SolutionConfigurationPlatforms) = preSolution
		Debug|Any CPU = Debug|Any CPU
		Release|Any CPU = Release|Any CPU
	EndGlobalSection
	GlobalSection(ProjectConfigurationPlatforms) = postSolution
		{5ECB72D9-89BD-4D55-A445-688E35AEEB5D}.Debug|Any CPU.ActiveCfg = Debug|Any CPU
		{5ECB72D9-89BD-4D55-A445-688E35AEEB5D}.Debug|Any CPU.Build.0 = Debug|Any CPU
		{5ECB72D9-89BD-4D55-A445-688E35AEEB5D}.Release|Any CPU.ActiveCfg = Release|Any CPU
		{5ECB72D9-89BD-4D55-A445-688E35AEEB5D}.Release|Any CPU.Build.0 = Release|Any CPU
	EndGlobalSection
	GlobalSection(SolutionProperties) = preSolution
		HideSolutionNode = FALSE
	EndGlobalSection
	GlobalSection(ExtensibilityGlobals) = postSolution
		SolutionGuid = {AFBA73EE-0263-430E-9533-8E6FA9067362}
	EndGlobalSection
EndGlobal
